
Microsoft Visual Studio Solution File, Format Version 12.00
# Visual Studio Version 17
VisualStudioVersion = 17.9.34616.47
MinimumVisualStudioVersion = 10.0.40219.1
Project("{2150E333-8FDC-42A3-9474-1A3956D46DE8}") = "src", "src", "{FD1658F4-F143-4558-899B-4CE76FCCC72B}"
EndProject
Project("{2150E333-8FDC-42A3-9474-1A3956D46DE8}") = "test", "test", "{57579F20-269C-44A5-8EBE-22F35AD6FF40}"
EndProject
Project("{FAE04EC0-301F-11D3-BF4B-00C04F79EFBC}") = "Core", "Core\Core.csproj", "{84294812-D21B-4B62-8B45-28F070D5D66C}"
EndProject
Project("{FAE04EC0-301F-11D3-BF4B-00C04F79EFBC}") = "Adapter.SQL", "Adapter.SQL\Adapter.SQL.csproj", "{09DF8DCB-85F6-411C-913C-63843DD6F474}"
EndProject
Project("{FAE04EC0-301F-11D3-BF4B-00C04F79EFBC}") = "CurrencyRateServiceTests", "CurrencyRateServiceTests\CurrencyRateServiceTests.csproj", "{25CD9342-E895-4150-A458-1B182FF5C10D}"
EndProject
Project("{FAE04EC0-301F-11D3-BF4B-00C04F79EFBC}") = "EcbCurrencyRateProviderTests", "EcbCurrencyRateProviderTests\EcbCurrencyRateProviderTests.csproj", "{2BD5932C-7440-4420-9C2E-93D299830D3F}"
EndProject
Project("{FAE04EC0-301F-11D3-BF4B-00C04F79EFBC}") = "WalletServiceTests", "WalletServiceTests\WalletServiceTests.csproj", "{3C8F2201-B55E-4C2E-AFB1-02C5E0D75836}"
EndProject
Project("{FAE04EC0-301F-11D3-BF4B-00C04F79EFBC}") = "WalletStrategiesTests", "WalletStrategiesTests\WalletStrategiesTests.csproj", "{6E35E57E-1B5E-4EEB-A717-7259455183FB}"
EndProject
Project("{FAE04EC0-301F-11D3-BF4B-00C04F79EFBC}") = "Adapter.ECB", "Adapter.ECB\Adapter.ECB.csproj", "{B79C8B74-4396-4EAC-819D-A3166072329C}"
EndProject
Project("{FAE04EC0-301F-11D3-BF4B-00C04F79EFBC}") = "Api", "Api\Api.csproj", "{9540F4FB-4DFA-402F-B2A0-DD29733E1556}"
EndProject
Project("{FAE04EC0-301F-11D3-BF4B-00C04F79EFBC}") = "Adapter.Redis", "Adapter.Redis\Adapter.Redis.csproj", "{B2755147-1FCC-4154-B997-F10DD15748E1}"
EndProject
Project("{FAE04EC0-301F-11D3-BF4B-00C04F79EFBC}") = "WalletControllerTests", "WalletApiTests\WalletControllerTests.csproj", "{B82EC96D-D577-4B28-B6AA-96D94CA6DA88}"
EndProject
Global
	GlobalSection(SolutionConfigurationPlatforms) = preSolution
		Debug|Any CPU = Debug|Any CPU
		Release|Any CPU = Release|Any CPU
	EndGlobalSection
	GlobalSection(ProjectConfigurationPlatforms) = postSolution
		{84294812-D21B-4B62-8B45-28F070D5D66C}.Debug|Any CPU.ActiveCfg = Debug|Any CPU
		{84294812-D21B-4B62-8B45-28F070D5D66C}.Debug|Any CPU.Build.0 = Debug|Any CPU
		{84294812-D21B-4B62-8B45-28F070D5D66C}.Release|Any CPU.ActiveCfg = Release|Any CPU
		{84294812-D21B-4B62-8B45-28F070D5D66C}.Release|Any CPU.Build.0 = Release|Any CPU
		{09DF8DCB-85F6-411C-913C-63843DD6F474}.Debug|Any CPU.ActiveCfg = Debug|Any CPU
		{09DF8DCB-85F6-411C-913C-63843DD6F474}.Debug|Any CPU.Build.0 = Debug|Any CPU
		{09DF8DCB-85F6-411C-913C-63843DD6F474}.Release|Any CPU.ActiveCfg = Release|Any CPU
		{09DF8DCB-85F6-411C-913C-63843DD6F474}.Release|Any CPU.Build.0 = Release|Any CPU
		{25CD9342-E895-4150-A458-1B182FF5C10D}.Debug|Any CPU.ActiveCfg = Debug|Any CPU
		{25CD9342-E895-4150-A458-1B182FF5C10D}.Debug|Any CPU.Build.0 = Debug|Any CPU
		{25CD9342-E895-4150-A458-1B182FF5C10D}.Release|Any CPU.ActiveCfg = Release|Any CPU
		{25CD9342-E895-4150-A458-1B182FF5C10D}.Release|Any CPU.Build.0 = Release|Any CPU
		{2BD5932C-7440-4420-9C2E-93D299830D3F}.Debug|Any CPU.ActiveCfg = Debug|Any CPU
		{2BD5932C-7440-4420-9C2E-93D299830D3F}.Debug|Any CPU.Build.0 = Debug|Any CPU
		{2BD5932C-7440-4420-9C2E-93D299830D3F}.Release|Any CPU.ActiveCfg = Release|Any CPU
		{2BD5932C-7440-4420-9C2E-93D299830D3F}.Release|Any CPU.Build.0 = Release|Any CPU
		{3C8F2201-B55E-4C2E-AFB1-02C5E0D75836}.Debug|Any CPU.ActiveCfg = Debug|Any CPU
		{3C8F2201-B55E-4C2E-AFB1-02C5E0D75836}.Debug|Any CPU.Build.0 = Debug|Any CPU
		{3C8F2201-B55E-4C2E-AFB1-02C5E0D75836}.Release|Any CPU.ActiveCfg = Release|Any CPU
		{3C8F2201-B55E-4C2E-AFB1-02C5E0D75836}.Release|Any CPU.Build.0 = Release|Any CPU
		{6E35E57E-1B5E-4EEB-A717-7259455183FB}.Debug|Any CPU.ActiveCfg = Debug|Any CPU
		{6E35E57E-1B5E-4EEB-A717-7259455183FB}.Debug|Any CPU.Build.0 = Debug|Any CPU
		{6E35E57E-1B5E-4EEB-A717-7259455183FB}.Release|Any CPU.ActiveCfg = Release|Any CPU
		{6E35E57E-1B5E-4EEB-A717-7259455183FB}.Release|Any CPU.Build.0 = Release|Any CPU
		{B79C8B74-4396-4EAC-819D-A3166072329C}.Debug|Any CPU.ActiveCfg = Debug|Any CPU
		{B79C8B74-4396-4EAC-819D-A3166072329C}.Debug|Any CPU.Build.0 = Debug|Any CPU
		{B79C8B74-4396-4EAC-819D-A3166072329C}.Release|Any CPU.ActiveCfg = Release|Any CPU
		{B79C8B74-4396-4EAC-819D-A3166072329C}.Release|Any CPU.Build.0 = Release|Any CPU
		{9540F4FB-4DFA-402F-B2A0-DD29733E1556}.Debug|Any CPU.ActiveCfg = Debug|Any CPU
		{9540F4FB-4DFA-402F-B2A0-DD29733E1556}.Debug|Any CPU.Build.0 = Debug|Any CPU
		{9540F4FB-4DFA-402F-B2A0-DD29733E1556}.Release|Any CPU.ActiveCfg = Release|Any CPU
		{9540F4FB-4DFA-402F-B2A0-DD29733E1556}.Release|Any CPU.Build.0 = Release|Any CPU
		{B2755147-1FCC-4154-B997-F10DD15748E1}.Debug|Any CPU.ActiveCfg = Debug|Any CPU
		{B2755147-1FCC-4154-B997-F10DD15748E1}.Debug|Any CPU.Build.0 = Debug|Any CPU
		{B2755147-1FCC-4154-B997-F10DD15748E1}.Release|Any CPU.ActiveCfg = Release|Any CPU
		{B2755147-1FCC-4154-B997-F10DD15748E1}.Release|Any CPU.Build.0 = Release|Any CPU
		{B82EC96D-D577-4B28-B6AA-96D94CA6DA88}.Debug|Any CPU.ActiveCfg = Debug|Any CPU
		{B82EC96D-D577-4B28-B6AA-96D94CA6DA88}.Debug|Any CPU.Build.0 = Debug|Any CPU
		{B82EC96D-D577-4B28-B6AA-96D94CA6DA88}.Release|Any CPU.ActiveCfg = Release|Any CPU
		{B82EC96D-D577-4B28-B6AA-96D94CA6DA88}.Release|Any CPU.Build.0 = Release|Any CPU
	EndGlobalSection
	GlobalSection(SolutionProperties) = preSolution
		HideSolutionNode = FALSE
	EndGlobalSection
	GlobalSection(NestedProjects) = preSolution
		{84294812-D21B-4B62-8B45-28F070D5D66C} = {FD1658F4-F143-4558-899B-4CE76FCCC72B}
		{09DF8DCB-85F6-411C-913C-63843DD6F474} = {FD1658F4-F143-4558-899B-4CE76FCCC72B}
		{25CD9342-E895-4150-A458-1B182FF5C10D} = {57579F20-269C-44A5-8EBE-22F35AD6FF40}
		{2BD5932C-7440-4420-9C2E-93D299830D3F} = {57579F20-269C-44A5-8EBE-22F35AD6FF40}
		{3C8F2201-B55E-4C2E-AFB1-02C5E0D75836} = {57579F20-269C-44A5-8EBE-22F35AD6FF40}
		{6E35E57E-1B5E-4EEB-A717-7259455183FB} = {57579F20-269C-44A5-8EBE-22F35AD6FF40}
		{B79C8B74-4396-4EAC-819D-A3166072329C} = {FD1658F4-F143-4558-899B-4CE76FCCC72B}
		{9540F4FB-4DFA-402F-B2A0-DD29733E1556} = {FD1658F4-F143-4558-899B-4CE76FCCC72B}
		{B2755147-1FCC-4154-B997-F10DD15748E1} = {FD1658F4-F143-4558-899B-4CE76FCCC72B}
		{B82EC96D-D577-4B28-B6AA-96D94CA6DA88} = {57579F20-269C-44A5-8EBE-22F35AD6FF40}
	EndGlobalSection
	GlobalSection(ExtensibilityGlobals) = postSolution
		SolutionGuid = {FC12AA4D-2060-4C1F-884A-368DE312E91D}
	EndGlobalSection
EndGlobal
